
Microsoft Visual Studio Solution File, Format Version 12.00
# Visual Studio Version 17
VisualStudioVersion = 17.4.32804.182
MinimumVisualStudioVersion = 10.0.40219.1
Project("{FAE04EC0-301F-11D3-BF4B-00C04F79EFBC}") = "GameCharacters", "GameCharacters\GameCharacters.csproj", "{B2924FE3-E623-4C02-A5CD-50E68B6DB820}"
EndProject
Global
	GlobalSection(SolutionConfigurationPlatforms) = preSolution
		Debug|Any CPU = Debug|Any CPU
		Release|Any CPU = Release|Any CPU
	EndGlobalSection
	GlobalSection(ProjectConfigurationPlatforms) = postSolution
		{B2924FE3-E623-4C02-A5CD-50E68B6DB820}.Debug|Any CPU.ActiveCfg = Debug|Any CPU
		{B2924FE3-E623-4C02-A5CD-50E68B6DB820}.Debug|Any CPU.Build.0 = Debug|Any CPU
		{B2924FE3-E623-4C02-A5CD-50E68B6DB820}.Release|Any CPU.ActiveCfg = Release|Any CPU
		{B2924FE3-E623-4C02-A5CD-50E68B6DB820}.Release|Any CPU.Build.0 = Release|Any CPU
	EndGlobalSection
	GlobalSection(SolutionProperties) = preSolution
		HideSolutionNode = FALSE
	EndGlobalSection
	GlobalSection(ExtensibilityGlobals) = postSolution
		SolutionGuid = {BBB7959F-4CFE-495B-89B5-849799AA7783}
	EndGlobalSection
EndGlobal
